
Microsoft Visual Studio Solution File, Format Version 12.00
# Visual Studio Version 17
VisualStudioVersion = 17.14.36616.10 d17.14
MinimumVisualStudioVersion = 10.0.40219.1
Project("{FAE04EC0-301F-11D3-BF4B-00C04F79EFBC}") = "AppWorkflowConsole", "AppWorkflowConsole\AppWorkflowConsole.csproj", "{DB3033AB-B2D5-4B7A-9C81-C847B99E9310}"
EndProject
Global
	GlobalSection(SolutionConfigurationPlatforms) = preSolution
		Debug|Any CPU = Debug|Any CPU
		Release|Any CPU = Release|Any CPU
	EndGlobalSection
	GlobalSection(ProjectConfigurationPlatforms) = postSolution
		{DB3033AB-B2D5-4B7A-9C81-C847B99E9310}.Debug|Any CPU.ActiveCfg = Debug|Any CPU
		{DB3033AB-B2D5-4B7A-9C81-C847B99E9310}.Debug|Any CPU.Build.0 = Debug|Any CPU
		{DB3033AB-B2D5-4B7A-9C81-C847B99E9310}.Release|Any CPU.ActiveCfg = Release|Any CPU
		{DB3033AB-B2D5-4B7A-9C81-C847B99E9310}.Release|Any CPU.Build.0 = Release|Any CPU
	EndGlobalSection
	GlobalSection(SolutionProperties) = preSolution
		HideSolutionNode = FALSE
	EndGlobalSection
	GlobalSection(ExtensibilityGlobals) = postSolution
		SolutionGuid = {086AA178-1C81-48B4-9A5F-82F3F9AA997D}
	EndGlobalSection
EndGlobal
